
Microsoft Visual Studio Solution File, Format Version 12.00
# Visual Studio Version 17
VisualStudioVersion = 17.6.33829.357
MinimumVisualStudioVersion = 10.0.40219.1
Project("{FAE04EC0-301F-11D3-BF4B-00C04F79EFBC}") = "WSConvertisseur", "WSConvertisseur\WSConvertisseur.csproj", "{127271E6-57EE-4DE6-A511-C723A8E9F99B}"
EndProject
Global
	GlobalSection(SolutionConfigurationPlatforms) = preSolution
		Debug|Any CPU = Debug|Any CPU
		Release|Any CPU = Release|Any CPU
	EndGlobalSection
	GlobalSection(ProjectConfigurationPlatforms) = postSolution
		{127271E6-57EE-4DE6-A511-C723A8E9F99B}.Debug|Any CPU.ActiveCfg = Debug|Any CPU
		{127271E6-57EE-4DE6-A511-C723A8E9F99B}.Debug|Any CPU.Build.0 = Debug|Any CPU
		{127271E6-57EE-4DE6-A511-C723A8E9F99B}.Release|Any CPU.ActiveCfg = Release|Any CPU
		{127271E6-57EE-4DE6-A511-C723A8E9F99B}.Release|Any CPU.Build.0 = Release|Any CPU
	EndGlobalSection
	GlobalSection(SolutionProperties) = preSolution
		HideSolutionNode = FALSE
	EndGlobalSection
	GlobalSection(ExtensibilityGlobals) = postSolution
		SolutionGuid = {7890308F-E579-4888-8CDC-4446521BB3B0}
	EndGlobalSection
EndGlobal
